
Microsoft Visual Studio Solution File, Format Version 12.00
# Visual Studio Version 17
VisualStudioVersion = 17.8.34330.188
MinimumVisualStudioVersion = 10.0.40219.1
Project("{FAE04EC0-301F-11D3-BF4B-00C04F79EFBC}") = "budget-ui", "budget-ui.csproj", "{2C3FFE4B-D26F-438B-935B-3862FAB90150}"
EndProject
Global
	GlobalSection(SolutionConfigurationPlatforms) = preSolution
		Debug|Any CPU = Debug|Any CPU
		Release|Any CPU = Release|Any CPU
	EndGlobalSection
	GlobalSection(ProjectConfigurationPlatforms) = postSolution
		{2C3FFE4B-D26F-438B-935B-3862FAB90150}.Debug|Any CPU.ActiveCfg = Debug|Any CPU
		{2C3FFE4B-D26F-438B-935B-3862FAB90150}.Debug|Any CPU.Build.0 = Debug|Any CPU
		{2C3FFE4B-D26F-438B-935B-3862FAB90150}.Release|Any CPU.ActiveCfg = Release|Any CPU
		{2C3FFE4B-D26F-438B-935B-3862FAB90150}.Release|Any CPU.Build.0 = Release|Any CPU
	EndGlobalSection
	GlobalSection(SolutionProperties) = preSolution
		HideSolutionNode = FALSE
	EndGlobalSection
	GlobalSection(ExtensibilityGlobals) = postSolution
		SolutionGuid = {1EB742B9-03A8-436D-A5CB-6F93A30254F0}
	EndGlobalSection
EndGlobal
